
Microsoft Visual Studio Solution File, Format Version 12.00
# Visual Studio Version 17
VisualStudioVersion = 17.7.34024.191
MinimumVisualStudioVersion = 10.0.40219.1
Project("{9A19103F-16F7-4668-BE54-9A1E7A4F7556}") = "Polimorfismo.ConceptosBasicos", "Polimorfismo.ConceptosBasicos\Polimorfismo.ConceptosBasicos.csproj", "{7D8B42EF-440A-419D-B938-7F6FC0E0F098}"
EndProject
Project("{9A19103F-16F7-4668-BE54-9A1E7A4F7556}") = "Polimorfismo.PolimorfismoDelnclisoon", "Polimorfismo.PolimorfismoDelnclisoon\Polimorfismo.PolimorfismoDelnclisoon.csproj", "{029BA532-72FB-4E74-8C99-5F9F4DDD83D1}"
EndProject
Project("{FAE04EC0-301F-11D3-BF4B-00C04F79EFBC}") = "Demolterfaces", "Demolterfaces\Demolterfaces.csproj", "{A60F7F51-7C1C-44F9-A8B3-D5F006BDCE40}"
EndProject
Global
	GlobalSection(SolutionConfigurationPlatforms) = preSolution
		Debug|Any CPU = Debug|Any CPU
		Release|Any CPU = Release|Any CPU
	EndGlobalSection
	GlobalSection(ProjectConfigurationPlatforms) = postSolution
		{7D8B42EF-440A-419D-B938-7F6FC0E0F098}.Debug|Any CPU.ActiveCfg = Debug|Any CPU
		{7D8B42EF-440A-419D-B938-7F6FC0E0F098}.Debug|Any CPU.Build.0 = Debug|Any CPU
		{7D8B42EF-440A-419D-B938-7F6FC0E0F098}.Release|Any CPU.ActiveCfg = Release|Any CPU
		{7D8B42EF-440A-419D-B938-7F6FC0E0F098}.Release|Any CPU.Build.0 = Release|Any CPU
		{029BA532-72FB-4E74-8C99-5F9F4DDD83D1}.Debug|Any CPU.ActiveCfg = Debug|Any CPU
		{029BA532-72FB-4E74-8C99-5F9F4DDD83D1}.Debug|Any CPU.Build.0 = Debug|Any CPU
		{029BA532-72FB-4E74-8C99-5F9F4DDD83D1}.Release|Any CPU.ActiveCfg = Release|Any CPU
		{029BA532-72FB-4E74-8C99-5F9F4DDD83D1}.Release|Any CPU.Build.0 = Release|Any CPU
		{A60F7F51-7C1C-44F9-A8B3-D5F006BDCE40}.Debug|Any CPU.ActiveCfg = Debug|Any CPU
		{A60F7F51-7C1C-44F9-A8B3-D5F006BDCE40}.Debug|Any CPU.Build.0 = Debug|Any CPU
		{A60F7F51-7C1C-44F9-A8B3-D5F006BDCE40}.Release|Any CPU.ActiveCfg = Release|Any CPU
		{A60F7F51-7C1C-44F9-A8B3-D5F006BDCE40}.Release|Any CPU.Build.0 = Release|Any CPU
	EndGlobalSection
	GlobalSection(SolutionProperties) = preSolution
		HideSolutionNode = FALSE
	EndGlobalSection
	GlobalSection(ExtensibilityGlobals) = postSolution
		SolutionGuid = {A441FF91-1295-4304-9BB7-F425708A3269}
	EndGlobalSection
EndGlobal
